
Microsoft Visual Studio Solution File, Format Version 12.00
# Visual Studio Version 17
VisualStudioVersion = 17.14.36616.10
MinimumVisualStudioVersion = 10.0.40219.1
Project("{FAE04EC0-301F-11D3-BF4B-00C04F79EFBC}") = "ADONET", "ADONET\ADONET.csproj", "{8F8CF318-5508-43FF-BB03-2BF85D8601A0}"
EndProject
Project("{FAE04EC0-301F-11D3-BF4B-00C04F79EFBC}") = "Tests", "Tests\Tests.csproj", "{7431B392-C2F4-4FC9-A48F-7FE24DBD5AEA}"
EndProject
Global
	GlobalSection(SolutionConfigurationPlatforms) = preSolution
		Debug|Any CPU = Debug|Any CPU
		Release|Any CPU = Release|Any CPU
	EndGlobalSection
	GlobalSection(ProjectConfigurationPlatforms) = postSolution
		{8F8CF318-5508-43FF-BB03-2BF85D8601A0}.Debug|Any CPU.ActiveCfg = Debug|Any CPU
		{8F8CF318-5508-43FF-BB03-2BF85D8601A0}.Debug|Any CPU.Build.0 = Debug|Any CPU
		{8F8CF318-5508-43FF-BB03-2BF85D8601A0}.Release|Any CPU.ActiveCfg = Release|Any CPU
		{8F8CF318-5508-43FF-BB03-2BF85D8601A0}.Release|Any CPU.Build.0 = Release|Any CPU
		{7431B392-C2F4-4FC9-A48F-7FE24DBD5AEA}.Debug|Any CPU.ActiveCfg = Debug|Any CPU
		{7431B392-C2F4-4FC9-A48F-7FE24DBD5AEA}.Debug|Any CPU.Build.0 = Debug|Any CPU
		{7431B392-C2F4-4FC9-A48F-7FE24DBD5AEA}.Release|Any CPU.ActiveCfg = Release|Any CPU
		{7431B392-C2F4-4FC9-A48F-7FE24DBD5AEA}.Release|Any CPU.Build.0 = Release|Any CPU
	EndGlobalSection
	GlobalSection(SolutionProperties) = preSolution
		HideSolutionNode = FALSE
	EndGlobalSection
	GlobalSection(ExtensibilityGlobals) = postSolution
		SolutionGuid = {743136ED-0E45-460B-827B-58914F429268}
	EndGlobalSection
EndGlobal
